
Microsoft Visual Studio Solution File, Format Version 12.00
# Visual Studio 15
VisualStudioVersion = 15.0.27130.2010
MinimumVisualStudioVersion = 10.0.40219.1
Project("{FAE04EC0-301F-11D3-BF4B-00C04F79EFBC}") = "RESTService", "RESTService\RESTService.csproj", "{5B39C0F4-4594-4B7D-A8B7-68784ECA73B2}"
EndProject
Project("{FAE04EC0-301F-11D3-BF4B-00C04F79EFBC}") = "Client", "Client\Client.csproj", "{14C51093-EA13-4109-AD87-54FB5FBA8E21}"
EndProject
Global
	GlobalSection(SolutionConfigurationPlatforms) = preSolution
		Debug|Any CPU = Debug|Any CPU
		Release|Any CPU = Release|Any CPU
	EndGlobalSection
	GlobalSection(ProjectConfigurationPlatforms) = postSolution
		{5B39C0F4-4594-4B7D-A8B7-68784ECA73B2}.Debug|Any CPU.ActiveCfg = Debug|Any CPU
		{5B39C0F4-4594-4B7D-A8B7-68784ECA73B2}.Debug|Any CPU.Build.0 = Debug|Any CPU
		{5B39C0F4-4594-4B7D-A8B7-68784ECA73B2}.Release|Any CPU.ActiveCfg = Release|Any CPU
		{5B39C0F4-4594-4B7D-A8B7-68784ECA73B2}.Release|Any CPU.Build.0 = Release|Any CPU
		{14C51093-EA13-4109-AD87-54FB5FBA8E21}.Debug|Any CPU.ActiveCfg = Debug|Any CPU
		{14C51093-EA13-4109-AD87-54FB5FBA8E21}.Debug|Any CPU.Build.0 = Debug|Any CPU
		{14C51093-EA13-4109-AD87-54FB5FBA8E21}.Release|Any CPU.ActiveCfg = Release|Any CPU
		{14C51093-EA13-4109-AD87-54FB5FBA8E21}.Release|Any CPU.Build.0 = Release|Any CPU
	EndGlobalSection
	GlobalSection(SolutionProperties) = preSolution
		HideSolutionNode = FALSE
	EndGlobalSection
	GlobalSection(ExtensibilityGlobals) = postSolution
		SolutionGuid = {9628E318-5136-4BA9-AA94-E261C2F09B94}
	EndGlobalSection
EndGlobal
